{
  "requires": true,
  "lockfileVersion": 1,
  "dependencies": {
    "@babel/helper-string-parser": {
      "version": "7.22.5",
      "resolved": "https://registry.npmjs.org/@babel/helper-string-parser/-/helper-string-parser-7.22.5.tgz",
      "integrity": "sha512-mM4COjgZox8U+JcXQwPijIZLElkgEpO5rsERVDJTc2qfCDfERyob6k5WegS14SX18IIjv+XD+GrqNumY5JRCDw==",
      "dev": true
    },
    "@babel/helper-validator-identifier": {
      "version": "7.22.20",
      "resolved": "https://registry.npmjs.org/@babel/helper-validator-identifier/-/helper-validator-identifier-7.22.20.tgz",
      "integrity": "sha512-Y4OZ+ytlatR8AI+8KZfKuL5urKp7qey08ha31L8b3BwewJAoJamTzyvxPR/5D+KkdJCGPq/+8TukHBlY10FX9A==",
      "dev": true
    },
    "@babel/parser": {
      "version": "7.23.0",
      "resolved": "https://registry.npmjs.org/@babel/parser/-/parser-7.23.0.tgz",
      "integrity": "sha512-vvPKKdMemU85V9WE/l5wZEmImpCtLqbnTvqDS2U1fJ96KrxoW7KrXhNsNCblQlg8Ck4b85yxdTyelsMUgFUXiw==",
      "dev": true
    },
    "@babel/runtime": {
      "version": "7.23.7",
      "resolved": "https://registry.npmjs.org/@babel/runtime/-/runtime-7.23.7.tgz",
      "integrity": "sha512-w06OXVOFso7LcbzMiDGt+3X7Rh7Ho8MmgPoWU3rarH+8upf+wSU/grlGbWzQyr3DkdN6ZeuMFjpdwW0Q+HxobA==",
      "dev": true,
      "requires": {
        "regenerator-runtime": "^0.14.0"
      }
    },
    "@babel/types": {
      "version": "7.23.0",
      "resolved": "https://registry.npmjs.org/@babel/types/-/types-7.23.0.tgz",
      "integrity": "sha512-0oIyUfKoI3mSqMvsxBdclDwxXKXAUA8v/apZbc+iSyARYou1o8ZGDxbUYyLFoW2arqS2jDGqJuZvv1d/io1axg==",
      "dev": true,
      "requires": {
        "@babel/helper-string-parser": "^7.22.5",
        "@babel/helper-validator-identifier": "^7.22.20",
        "to-fast-properties": "^2.0.0"
      }
    },
    "@popperjs/core": {
      "version": "2.11.8",
      "resolved": "https://registry.npmjs.org/@popperjs/core/-/core-2.11.8.tgz",
      "integrity": "sha512-P1st0aksCrn9sGZhp8GMYwBnQsbvAWsZAX44oXNNvLHGqAOcoVxmjZiohstwQ7SqKnbR47akdNi+uleWD8+g6A==",
      "dev": true
    },
    "@types/annyang": {
      "version": "2.6.5",
      "resolved": "https://registry.npmjs.org/@types/annyang/-/annyang-2.6.5.tgz",
      "integrity": "sha512-EqO6aS1ihvX0DfiVCiEE7FZ86yxVEZJ6yVHmlmGLO3yrThseR45Up+eXPQfGCNWQxmPEzPeBohpVhij5lrEk6g==",
      "dev": true
    },
    "@types/babel__code-frame": {
      "version": "7.0.5",
      "resolved": "https://registry.npmjs.org/@types/babel__code-frame/-/babel__code-frame-7.0.5.tgz",
      "integrity": "sha512-tE88HnYMl5iJAB1V9nJCrE1udmwGCoNvx2ayTa8nwkE3UMMRRljANO+sX8D321hIrqf1DlvhAPAo5G6DWaMQNg==",
      "dev": true
    },
    "@types/babel__core": {
      "version": "7.20.3",
      "resolved": "https://registry.npmjs.org/@types/babel__core/-/babel__core-7.20.3.tgz",
      "integrity": "sha512-54fjTSeSHwfan8AyHWrKbfBWiEUrNTZsUwPTDSNaaP1QDQIZbeNUg3a59E9D+375MzUw/x1vx2/0F5LBz+AeYA==",
      "dev": true,
      "requires": {
        "@babel/parser": "^7.20.7",
        "@babel/types": "^7.20.7",
        "@types/babel__generator": "*",
        "@types/babel__template": "*",
        "@types/babel__traverse": "*"
      }
    },
    "@types/babel__generator": {
      "version": "7.6.6",
      "resolved": "https://registry.npmjs.org/@types/babel__generator/-/babel__generator-7.6.6.tgz",
      "integrity": "sha512-66BXMKb/sUWbMdBNdMvajU7i/44RkrA3z/Yt1c7R5xejt8qh84iU54yUWCtm0QwGJlDcf/gg4zd/x4mpLAlb/w==",
      "dev": true,
      "requires": {
        "@babel/types": "^7.0.0"
      }
    },
    "@types/babel__template": {
      "version": "7.4.3",
      "resolved": "https://registry.npmjs.org/@types/babel__template/-/babel__template-7.4.3.tgz",
      "integrity": "sha512-ciwyCLeuRfxboZ4isgdNZi/tkt06m8Tw6uGbBSBgWrnnZGNXiEyM27xc/PjXGQLqlZ6ylbgHMnm7ccF9tCkOeQ==",
      "dev": true,
      "requires": {
        "@babel/parser": "^7.1.0",
        "@babel/types": "^7.0.0"
      }
    },
    "@types/babel__traverse": {
      "version": "7.20.3",
      "resolved": "https://registry.npmjs.org/@types/babel__traverse/-/babel__traverse-7.20.3.tgz",
      "integrity": "sha512-Lsh766rGEFbaxMIDH7Qa+Yha8cMVI3qAK6CHt3OR0YfxOIn5Z54iHiyDRycHrBqeIiqGa20Kpsv1cavfBKkRSw==",
      "dev": true,
      "requires": {
        "@babel/types": "^7.20.7"
      }
    },
    "@types/date-arithmetic": {
      "version": "4.1.4",
      "resolved": "https://registry.npmjs.org/@types/date-arithmetic/-/date-arithmetic-4.1.4.tgz",
      "integrity": "sha512-p9eZ2X9B80iKiTW4ukVj8B4K6q9/+xFtQ5MGYA5HWToY9nL4EkhV9+6ftT2VHpVMEZb5Tv00Iel516bVdO+yRw==",
      "dev": true
    },
    "@types/dom-speech-recognition": {
      "version": "0.0.4",
      "resolved": "https://registry.npmjs.org/@types/dom-speech-recognition/-/dom-speech-recognition-0.0.4.tgz",
      "integrity": "sha512-zf2GwV/G6TdaLwpLDcGTIkHnXf8JEf/viMux+khqKQKDa8/8BAUtXXZS563GnvJ4Fg0PBLGAaFf2GekEVSZ6GQ==",
      "dev": true
    },
    "@types/gensync": {
      "version": "1.0.2",
      "resolved": "https://registry.npmjs.org/@types/gensync/-/gensync-1.0.2.tgz",
      "integrity": "sha512-6FzAxO+odMlJm7ZZAdafsaluzH4pXCkj/rukH3whoJeaWQJILJ6i4Pn6fRuUDWIMu8MYOK7+Gn86jwr/8yGOhg==",
      "dev": true
    },
    "@types/invariant": {
      "version": "2.2.37",
      "resolved": "https://registry.npmjs.org/@types/invariant/-/invariant-2.2.37.tgz",
      "integrity": "sha512-IwpIMieE55oGWiXkQPSBY1nw1nFs6bsKXTFskNY8sdS17K24vyEBRQZEwlRS7ZmXCWnJcQtbxWzly+cODWGs2A==",
      "dev": true
    },
    "@types/jquery": {
      "version": "3.5.27",
      "resolved": "https://registry.npmjs.org/@types/jquery/-/jquery-3.5.27.tgz",
      "integrity": "sha512-TR28Y8ezIGgfyA02UOh9x+Fy16/1qWYAnvtRd2gTBJuccX/vmddyti0MezLkTv7f+OLofVc2T961VPyKv1tXJQ==",
      "dev": true,
      "requires": {
        "@types/sizzle": "*"
      }
    },
    "@types/node": {
      "version": "20.8.10",
      "resolved": "https://registry.npmjs.org/@types/node/-/node-20.8.10.tgz",
      "integrity": "sha512-TlgT8JntpcbmKUFzjhsyhGfP2fsiz1Mv56im6enJ905xG1DAYesxJaeSbGqQmAw8OWPdhyJGhGSQGKRNJ45u9w==",
      "dev": true,
      "requires": {
        "undici-types": "~5.26.4"
      }
    },
    "@types/notify": {
      "version": "0.0.34",
      "resolved": "https://registry.npmjs.org/@types/notify/-/notify-0.0.34.tgz",
      "integrity": "sha512-bIfw7tT5Qz/JPegtQJ9WvKd+3/xX4kEDmUHsA+eLrjNrgvJ0k4lOKvX81e+l3pbS25rF2xbjPTxJmJPvHhOR7A==",
      "dev": true,
      "requires": {
        "@types/jquery": "*"
      }
    },
    "@types/prop-types": {
      "version": "15.7.11",
      "resolved": "https://registry.npmjs.org/@types/prop-types/-/prop-types-15.7.11.tgz",
      "integrity": "sha512-ga8y9v9uyeiLdpKddhxYQkxNDrfvuPrlFb0N1qnZZByvcElJaXthF1UhvCh9TLWJBEHeNtdnbysW7Y6Uq8CVng==",
      "dev": true
    },
    "@types/react": {
      "version": "18.2.48",
      "resolved": "https://registry.npmjs.org/@types/react/-/react-18.2.48.tgz",
      "integrity": "sha512-qboRCl6Ie70DQQG9hhNREz81jqC1cs9EVNcjQ1AU+jH6NFfSAhVVbrrY/+nSF+Bsk4AOwm9Qa61InvMCyV+H3w==",
      "dev": true,
      "requires": {
        "@types/prop-types": "*",
        "@types/scheduler": "*",
        "csstype": "^3.0.2"
      }
    },
    "@types/react-big-calendar": {
      "version": "1.8.8",
      "resolved": "https://registry.npmjs.org/@types/react-big-calendar/-/react-big-calendar-1.8.8.tgz",
      "integrity": "sha512-xSwparUglinKh9YyuaFqmMGZvSXKV9iEygD6JnSuEH8YR9YFemQ9+3U9MM8Ylqiaf2Sff+jlmcoe4E6USp2e0w==",
      "dev": true,
      "requires": {
        "@types/date-arithmetic": "*",
        "@types/prop-types": "*",
        "@types/react": "*"
      }
    },
    "@types/react-datepicker": {
      "version": "4.19.5",
      "resolved": "https://registry.npmjs.org/@types/react-datepicker/-/react-datepicker-4.19.5.tgz",
      "integrity": "sha512-tKpuj19p9T4sBQm3Bw13CPuhalo4CFOe/LcSUGJ5z6DmHoiBX3uq33iMKePeSEq7OxyU8O1rh5emAm92nyXZLg==",
      "dev": true,
      "requires": {
        "@popperjs/core": "^2.9.2",
        "@types/react": "*",
        "date-fns": "^2.0.1",
        "react-popper": "^2.2.5"
      }
    },
    "@types/react-dom": {
      "version": "18.2.18",
      "resolved": "https://registry.npmjs.org/@types/react-dom/-/react-dom-18.2.18.tgz",
      "integrity": "sha512-TJxDm6OfAX2KJWJdMEVTwWke5Sc/E/RlnPGvGfS0W7+6ocy2xhDVQVh/KvC2Uf7kACs+gDytdusDSdWfWkaNzw==",
      "dev": true,
      "requires": {
        "@types/react": "*"
      }
    },
    "@types/react-speech-recognition": {
      "version": "3.9.5",
      "resolved": "https://registry.npmjs.org/@types/react-speech-recognition/-/react-speech-recognition-3.9.5.tgz",
      "integrity": "sha512-m3Sg3Xtj/YcEUu+nLPGwI6oq1wcSblsuyAmXgBfW6Nprfmtl+A+kH4ruPzzFKnFkq6WmmRxdsLvt0nLRAAJtBw==",
      "dev": true,
      "requires": {
        "@types/dom-speech-recognition": "*"
      }
    },
    "@types/scheduler": {
      "version": "0.16.8",
      "resolved": "https://registry.npmjs.org/@types/scheduler/-/scheduler-0.16.8.tgz",
      "integrity": "sha512-WZLiwShhwLRmeV6zH+GkbOFT6Z6VklCItrDioxUnv+u4Ll+8vKeFySoFyK/0ctcRpOmwAicELfmys1sDc/Rw+A==",
      "dev": true
    },
    "@types/semver": {
      "version": "7.5.4",
      "resolved": "https://registry.npmjs.org/@types/semver/-/semver-7.5.4.tgz",
      "integrity": "sha512-MMzuxN3GdFwskAnb6fz0orFvhfqi752yjaXylr0Rp4oDg5H0Zn1IuyRhDVvYOwAXoJirx2xuS16I3WjxnAIHiQ==",
      "dev": true
    },
    "@types/sizzle": {
      "version": "2.3.6",
      "resolved": "https://registry.npmjs.org/@types/sizzle/-/sizzle-2.3.6.tgz",
      "integrity": "sha512-m04Om5Gz6kbjUwAQ7XJJQ30OdEFsSmAVsvn4NYwcTRyMVpKKa1aPuESw1n2CxS5fYkOQv3nHgDKeNa8e76fUkw==",
      "dev": true
    },
    "csstype": {
      "version": "3.1.3",
      "resolved": "https://registry.npmjs.org/csstype/-/csstype-3.1.3.tgz",
      "integrity": "sha512-M1uQkMl8rQK/szD0LNhtqxIPLpimGm8sOBwU7lLnCpSbTyY3yeU1Vc7l4KT5zT4s/yOxHH5O7tIuuLOCnLADRw==",
      "dev": true
    },
    "date-fns": {
      "version": "2.30.0",
      "resolved": "https://registry.npmjs.org/date-fns/-/date-fns-2.30.0.tgz",
      "integrity": "sha512-fnULvOpxnC5/Vg3NCiWelDsLiUc9bRwAPs/+LfTLNvetFCtCTN+yQz15C/fs4AwX1R9K5GLtLfn8QW+dWisaAw==",
      "dev": true,
      "requires": {
        "@babel/runtime": "^7.21.0"
      }
    },
    "js-tokens": {
      "version": "4.0.0",
      "resolved": "https://registry.npmjs.org/js-tokens/-/js-tokens-4.0.0.tgz",
      "integrity": "sha512-RdJUflcE3cUzKiMqQgsCu06FPu9UdIJO0beYbPhHN4k6apgJtifcoCtT9bcxOpYBtpD2kCM6Sbzg4CausW/PKQ==",
      "dev": true
    },
    "loose-envify": {
      "version": "1.4.0",
      "resolved": "https://registry.npmjs.org/loose-envify/-/loose-envify-1.4.0.tgz",
      "integrity": "sha512-lyuxPGr/Wfhrlem2CL/UcnUc1zcqKAImBDzukY7Y5F/yQiNdko6+fRLevlw1HgMySw7f611UIY408EtxRSoK3Q==",
      "dev": true,
      "requires": {
        "js-tokens": "^3.0.0 || ^4.0.0"
      }
    },
    "react-fast-compare": {
      "version": "3.2.2",
      "resolved": "https://registry.npmjs.org/react-fast-compare/-/react-fast-compare-3.2.2.tgz",
      "integrity": "sha512-nsO+KSNgo1SbJqJEYRE9ERzo7YtYbou/OqjSQKxV7jcKox7+usiUVZOAC+XnDOABXggQTno0Y1CpVnuWEc1boQ==",
      "dev": true
    },
    "react-popper": {
      "version": "2.3.0",
      "resolved": "https://registry.npmjs.org/react-popper/-/react-popper-2.3.0.tgz",
      "integrity": "sha512-e1hj8lL3uM+sgSR4Lxzn5h1GxBlpa4CQz0XLF8kx4MDrDRWY0Ena4c97PUeSX9i5W3UAfDP0z0FXCTQkoXUl3Q==",
      "dev": true,
      "requires": {
        "react-fast-compare": "^3.0.1",
        "warning": "^4.0.2"
      }
    },
    "regenerator-runtime": {
      "version": "0.14.1",
      "resolved": "https://registry.npmjs.org/regenerator-runtime/-/regenerator-runtime-0.14.1.tgz",
      "integrity": "sha512-dYnhHh0nJoMfnkZs6GmmhFknAGRrLznOu5nc9ML+EJxGvrx6H7teuevqVqCuPcPK//3eDrrjQhehXVx9cnkGdw==",
      "dev": true
    },
    "to-fast-properties": {
      "version": "2.0.0",
      "resolved": "https://registry.npmjs.org/to-fast-properties/-/to-fast-properties-2.0.0.tgz",
      "integrity": "sha512-/OaKK0xYrs3DmxRYqL/yDc+FxFUVYhDlXMhRmv3z915w2HF1tnN1omB354j8VUGO/hbRzyD6Y3sA7v7GS/ceog==",
      "dev": true
    },
    "types-registry": {
      "version": "0.1.681",
      "resolved": "https://registry.npmjs.org/types-registry/-/types-registry-0.1.681.tgz",
      "integrity": "sha512-bdoqazMMaAbM+7WWofYFTIu6vAawJYbEFeTifqxZLZaB+cPDeWdYtMiIb7ebUsGRMkaCuXS+llj3uHSHYRp7Ng=="
    },
    "undici-types": {
      "version": "5.26.5",
      "resolved": "https://registry.npmjs.org/undici-types/-/undici-types-5.26.5.tgz",
      "integrity": "sha512-JlCMO+ehdEIKqlFxk6IfVoAUVmgz7cU7zD/h9XZ0qzeosSHmUJVOzSQvvYSYWXkFXC+IfLKSIffhv0sVZup6pA==",
      "dev": true
    },
    "warning": {
      "version": "4.0.3",
      "resolved": "https://registry.npmjs.org/warning/-/warning-4.0.3.tgz",
      "integrity": "sha512-rpJyN222KWIvHJ/F53XSZv0Zl/accqHR8et1kpaMTD/fLCRxtV8iX8czMzY7sVZupTI3zcUTg8eycS2kNF9l6w==",
      "dev": true,
      "requires": {
        "loose-envify": "^1.0.0"
      }
    }
  }
}
